// !$*UTF8*$!
{
	archiveVersion = 1;
	classes = {
	};
	objectVersion = 48;
	objects = {

/* Begin PBXBuildFile section */
		3FC485DA2029FEAD00A380D8 /* AppDelegate.m in Sources */ = {isa = PBXBuildFile; fileRef = 3FC485D92029FEAD00A380D8 /* AppDelegate.m */; };
		3FC485DD2029FEAD00A380D8 /* ViewController.m in Sources */ = {isa = PBXBuildFile; fileRef = 3FC485DC2029FEAD00A380D8 /* ViewController.m */; };
		3FC485E02029FEAD00A380D8 /* Main.storyboard in Resources */ = {isa = PBXBuildFile; fileRef = 3FC485DE2029FEAD00A380D8 /* Main.storyboard */; };
		3FC485E22029FEAD00A380D8 /* Assets.xcassets in Resources */ = {isa = PBXBuildFile; fileRef = 3FC485E12029FEAD00A380D8 /* Assets.xcassets */; };
		3FC485E52029FEAD00A380D8 /* LaunchScreen.storyboard in Resources */ = {isa = PBXBuildFile; fileRef = 3FC485E32029FEAD00A380D8 /* LaunchScreen.storyboard */; };
		3FC485E82029FEAD00A380D8 /* main.m in Sources */ = {isa = PBXBuildFile; fileRef = 3FC485E72029FEAD00A380D8 /* main.m */; };
		3FC48607202A13C700A380D8 /* SpeechSDK.framework in Frameworks */ = {isa = PBXBuildFile; fileRef = 3FC48606202A13C700A380D8 /* SpeechSDK.framework */; };
		3FC48608202A13D600A380D8 /* SpeechSDK.framework in Embed Frameworks */ = {isa = PBXBuildFile; fileRef = 3FC48606202A13C700A380D8 /* SpeechSDK.framework */; settings = {ATTRIBUTES = (CodeSignOnCopy, RemoveHeadersOnCopy, ); }; };
		5EC8DFFD203AE79D00B66162 /* DoubleControlSDK.framework in Frameworks */ = {isa = PBXBuildFile; fileRef = 5EC8DFFC203AE79D00B66162 /* DoubleControlSDK.framework */; };
		5EC8DFFE203AE7A300B66162 /* DoubleControlSDK.framework in Frameworks */ = {isa = PBXBuildFile; fileRef = 5EC8DFFC203AE79D00B66162 /* DoubleControlSDK.framework */; };
		5EC8DFFF203AE7A300B66162 /* DoubleControlSDK.framework in Embed Frameworks */ = {isa = PBXBuildFile; fileRef = 5EC8DFFC203AE79D00B66162 /* DoubleControlSDK.framework */; settings = {ATTRIBUTES = (CodeSignOnCopy, RemoveHeadersOnCopy, ); }; };
		5EC8E001203AE7BC00B66162 /* ExternalAccessory.framework in Frameworks */ = {isa = PBXBuildFile; fileRef = 5EC8E000203AE7BC00B66162 /* ExternalAccessory.framework */; };
/* End PBXBuildFile section */

/* Begin PBXCopyFilesBuildPhase section */
		3FC485F22029FFCB00A380D8 /* Embed Frameworks */ = {
			isa = PBXCopyFilesBuildPhase;
			buildActionMask = 2147483647;
			dstPath = "";
			dstSubfolderSpec = 10;
			files = (
				5EC8DFFF203AE7A300B66162 /* DoubleControlSDK.framework in Embed Frameworks */,
				3FC48608202A13D600A380D8 /* SpeechSDK.framework in Embed Frameworks */,
			);
			name = "Embed Frameworks";
			runOnlyForDeploymentPostprocessing = 0;
		};
/* End PBXCopyFilesBuildPhase section */

/* Begin PBXFileReference section */
		3FC485D52029FEAD00A380D8 /* DoubleApp.app */ = {isa = PBXFileReference; explicitFileType = wrapper.application; includeInIndex = 0; path = DoubleApp.app; sourceTree = BUILT_PRODUCTS_DIR; };
		3FC485D82029FEAD00A380D8 /* AppDelegate.h */ = {isa = PBXFileReference; lastKnownFileType = sourcecode.c.h; path = AppDelegate.h; sourceTree = "<group>"; };
		3FC485D92029FEAD00A380D8 /* AppDelegate.m */ = {isa = PBXFileReference; lastKnownFileType = sourcecode.c.objc; path = AppDelegate.m; sourceTree = "<group>"; };
		3FC485DB2029FEAD00A380D8 /* ViewController.h */ = {isa = PBXFileReference; lastKnownFileType = sourcecode.c.h; path = ViewController.h; sourceTree = "<group>"; };
		3FC485DC2029FEAD00A380D8 /* ViewController.m */ = {isa = PBXFileReference; lastKnownFileType = sourcecode.c.objc; path = ViewController.m; sourceTree = "<group>"; };
		3FC485DF2029FEAD00A380D8 /* Base */ = {isa = PBXFileReference; lastKnownFileType = file.storyboard; name = Base; path = Base.lproj/Main.storyboard; sourceTree = "<group>"; };
		3FC485E12029FEAD00A380D8 /* Assets.xcassets */ = {isa = PBXFileReference; lastKnownFileType = folder.assetcatalog; path = Assets.xcassets; sourceTree = "<group>"; };
		3FC485E42029FEAD00A380D8 /* Base */ = {isa = PBXFileReference; lastKnownFileType = file.storyboard; name = Base; path = Base.lproj/LaunchScreen.storyboard; sourceTree = "<group>"; };
		3FC485E62029FEAD00A380D8 /* Info.plist */ = {isa = PBXFileReference; lastKnownFileType = text.plist.xml; path = Info.plist; sourceTree = "<group>"; };
		3FC485E72029FEAD00A380D8 /* main.m */ = {isa = PBXFileReference; lastKnownFileType = sourcecode.c.objc; path = main.m; sourceTree = "<group>"; };
		3FC48606202A13C700A380D8 /* SpeechSDK.framework */ = {isa = PBXFileReference; lastKnownFileType = wrapper.framework; path = SpeechSDK.framework; sourceTree = SOURCE_ROOT; };
		5EC8DFFC203AE79D00B66162 /* DoubleControlSDK.framework */ = {isa = PBXFileReference; lastKnownFileType = wrapper.framework; name = DoubleControlSDK.framework; path = ../DoubleControlSDK.framework; sourceTree = "<group>"; };
		5EC8E000203AE7BC00B66162 /* ExternalAccessory.framework */ = {isa = PBXFileReference; lastKnownFileType = wrapper.framework; name = ExternalAccessory.framework; path = System/Library/Frameworks/ExternalAccessory.framework; sourceTree = SDKROOT; };
/* End PBXFileReference section */

/* Begin PBXFrameworksBuildPhase section */
		3FC485D22029FEAD00A380D8 /* Frameworks */ = {
			isa = PBXFrameworksBuildPhase;
			buildActionMask = 2147483647;
			files = (
				5EC8E001203AE7BC00B66162 /* ExternalAccessory.framework in Frameworks */,
				5EC8DFFE203AE7A300B66162 /* DoubleControlSDK.framework in Frameworks */,
				5EC8DFFD203AE79D00B66162 /* DoubleControlSDK.framework in Frameworks */,
				3FC48607202A13C700A380D8 /* SpeechSDK.framework in Frameworks */,
			);
			runOnlyForDeploymentPostprocessing = 0;
		};
/* End PBXFrameworksBuildPhase section */

/* Begin PBXGroup section */
		3FC485CC2029FEAD00A380D8 = {
			isa = PBXGroup;
			children = (
				3FC485D72029FEAD00A380D8 /* DoubleApp */,
				3FC485D62029FEAD00A380D8 /* Products */,
				5EC8DFF0203AE24000B66162 /* Frameworks */,
			);
			sourceTree = "<group>";
		};
		3FC485D62029FEAD00A380D8 /* Products */ = {
			isa = PBXGroup;
			children = (
				3FC485D52029FEAD00A380D8 /* DoubleApp.app */,
			);
			name = Products;
			sourceTree = "<group>";
		};
		3FC485D72029FEAD00A380D8 /* DoubleApp */ = {
			isa = PBXGroup;
			children = (
				5EC8DFFC203AE79D00B66162 /* DoubleControlSDK.framework */,
				3FC48606202A13C700A380D8 /* SpeechSDK.framework */,
				3FC485D82029FEAD00A380D8 /* AppDelegate.h */,
				3FC485D92029FEAD00A380D8 /* AppDelegate.m */,
				3FC485DB2029FEAD00A380D8 /* ViewController.h */,
				3FC485DC2029FEAD00A380D8 /* ViewController.m */,
				3FC485DE2029FEAD00A380D8 /* Main.storyboard */,
				3FC485E12029FEAD00A380D8 /* Assets.xcassets */,
				3FC485E32029FEAD00A380D8 /* LaunchScreen.storyboard */,
				3FC485E62029FEAD00A380D8 /* Info.plist */,
				3FC485E72029FEAD00A380D8 /* main.m */,
			);
			path = DoubleApp;
			sourceTree = "<group>";
		};
		5EC8DFF0203AE24000B66162 /* Frameworks */ = {
			isa = PBXGroup;
			children = (
				5EC8E000203AE7BC00B66162 /* ExternalAccessory.framework */,
			);
			name = Frameworks;
			sourceTree = "<group>";
		};
/* End PBXGroup section */

/* Begin PBXNativeTarget section */
		3FC485D42029FEAD00A380D8 /* DoubleApp */ = {
			isa = PBXNativeTarget;
			buildConfigurationList = 3FC485EB2029FEAD00A380D8 /* Build configuration list for PBXNativeTarget "DoubleApp" */;
			buildPhases = (
				3FC485D12029FEAD00A380D8 /* Sources */,
				3FC485D22029FEAD00A380D8 /* Frameworks */,
				3FC485D32029FEAD00A380D8 /* Resources */,
				3FC485F22029FFCB00A380D8 /* Embed Frameworks */,
			);
			buildRules = (
			);
			dependencies = (
			);
			name = DoubleApp;
			productName = DoubleApp;
			productReference = 3FC485D52029FEAD00A380D8 /* DoubleApp.app */;
			productType = "com.apple.product-type.application";
		};
/* End PBXNativeTarget section */

/* Begin PBXProject section */
		3FC485CD2029FEAD00A380D8 /* Project object */ = {
			isa = PBXProject;
			attributes = {
				LastUpgradeCheck = 0920;
				ORGANIZATIONNAME = Emaro;
				TargetAttributes = {
					3FC485D42029FEAD00A380D8 = {
						CreatedOnToolsVersion = 9.2;
						ProvisioningStyle = Automatic;
					};
				};
			};
			buildConfigurationList = 3FC485D02029FEAD00A380D8 /* Build configuration list for PBXProject "DoubleApp" */;
			compatibilityVersion = "Xcode 8.0";
			developmentRegion = en;
			hasScannedForEncodings = 0;
			knownRegions = (
				en,
				Base,
			);
			mainGroup = 3FC485CC2029FEAD00A380D8;
			productRefGroup = 3FC485D62029FEAD00A380D8 /* Products */;
			projectDirPath = "";
			projectRoot = "";
			targets = (
				3FC485D42029FEAD00A380D8 /* DoubleApp */,
			);
		};
/* End PBXProject section */

/* Begin PBXResourcesBuildPhase section */
		3FC485D32029FEAD00A380D8 /* Resources */ = {
			isa = PBXResourcesBuildPhase;
			buildActionMask = 2147483647;
			files = (
				3FC485E52029FEAD00A380D8 /* LaunchScreen.storyboard in Resources */,
				3FC485E22029FEAD00A380D8 /* Assets.xcassets in Resources */,
				3FC485E02029FEAD00A380D8 /* Main.storyboard in Resources */,
			);
			runOnlyForDeploymentPostprocessing = 0;
		};
/* End PBXResourcesBuildPhase section */

/* Begin PBXSourcesBuildPhase section */
		3FC485D12029FEAD00A380D8 /* Sources */ = {
			isa = PBXSourcesBuildPhase;
			buildActionMask = 2147483647;
			files = (
				3FC485DD2029FEAD00A380D8 /* ViewController.m in Sources */,
				3FC485E82029FEAD00A380D8 /* main.m in Sources */,
				3FC485DA2029FEAD00A380D8 /* AppDelegate.m in Sources */,
			);
			runOnlyForDeploymentPostprocessing = 0;
		};
/* End PBXSourcesBuildPhase section */

/* Begin PBXVariantGroup section */
		3FC485DE2029FEAD00A380D8 /* Main.storyboard */ = {
			isa = PBXVariantGroup;
			children = (
				3FC485DF2029FEAD00A380D8 /* Base */,
			);
			name = Main.storyboard;
			sourceTree = "<group>";
		};
		3FC485E32029FEAD00A380D8 /* LaunchScreen.storyboard */ = {
			isa = PBXVariantGroup;
			children = (
				3FC485E42029FEAD00A380D8 /* Base */,
			);
			name = LaunchScreen.storyboard;
			sourceTree = "<group>";
		};
/* End PBXVariantGroup section */

/* Begin XCBuildConfiguration section */
		3FC485E92029FEAD00A380D8 /* Debug */ = {
			isa = XCBuildConfiguration;
			buildSettings = {
				ALWAYS_SEARCH_USER_PATHS = NO;
				CLANG_ANALYZER_NONNULL = YES;
				CLANG_ANALYZER_NUMBER_OBJECT_CONVERSION = YES_AGGRESSIVE;
				CLANG_CXX_LANGUAGE_STANDARD = "gnu++14";
				CLANG_CXX_LIBRARY = "libc++";
				CLANG_ENABLE_MODULES = YES;
				CLANG_ENABLE_OBJC_ARC = YES;
				CLANG_WARN_BLOCK_CAPTURE_AUTORELEASING = YES;
				CLANG_WARN_BOOL_CONVERSION = YES;
				CLANG_WARN_COMMA = YES;
				CLANG_WARN_CONSTANT_CONVERSION = YES;
				CLANG_WARN_DIRECT_OBJC_ISA_USAGE = YES_ERROR;
				CLANG_WARN_DOCUMENTATION_COMMENTS = YES;
				CLANG_WARN_EMPTY_BODY = YES;
				CLANG_WARN_ENUM_CONVERSION = YES;
				CLANG_WARN_INFINITE_RECURSION = YES;
				CLANG_WARN_INT_CONVERSION = YES;
				CLANG_WARN_NON_LITERAL_NULL_CONVERSION = YES;
				CLANG_WARN_OBJC_LITERAL_CONVERSION = YES;
				CLANG_WARN_OBJC_ROOT_CLASS = YES_ERROR;
				CLANG_WARN_RANGE_LOOP_ANALYSIS = YES;
				CLANG_WARN_STRICT_PROTOTYPES = YES;
				CLANG_WARN_SUSPICIOUS_MOVE = YES;
				CLANG_WARN_UNGUARDED_AVAILABILITY = YES_AGGRESSIVE;
				CLANG_WARN_UNREACHABLE_CODE = YES;
				CLANG_WARN__DUPLICATE_METHOD_MATCH = YES;
				CODE_SIGN_IDENTITY = "iPhone Developer";
				COPY_PHASE_STRIP = NO;
				DEBUG_INFORMATION_FORMAT = dwarf;
				ENABLE_STRICT_OBJC_MSGSEND = YES;
				ENABLE_TESTABILITY = YES;
				GCC_C_LANGUAGE_STANDARD = gnu11;
				GCC_DYNAMIC_NO_PIC = NO;
				GCC_NO_COMMON_BLOCKS = YES;
				GCC_OPTIMIZATION_LEVEL = 0;
				GCC_PREPROCESSOR_DEFINITIONS = (
					"DEBUG=1",
					"$(inherited)",
				);
				GCC_WARN_64_TO_32_BIT_CONVERSION = YES;
				GCC_WARN_ABOUT_RETURN_TYPE = YES_ERROR;
				GCC_WARN_UNDECLARED_SELECTOR = YES;
				GCC_WARN_UNINITIALIZED_AUTOS = YES_AGGRESSIVE;
				GCC_WARN_UNUSED_FUNCTION = YES;
				GCC_WARN_UNUSED_VARIABLE = YES;
				IPHONEOS_DEPLOYMENT_TARGET = 11.2;
				MTL_ENABLE_DEBUG_INFO = YES;
				ONLY_ACTIVE_ARCH = YES;
				SDKROOT = iphoneos;
			};
			name = Debug;
		};
		3FC485EA2029FEAD00A380D8 /* Release */ = {
			isa = XCBuildConfiguration;
			buildSettings = {
				ALWAYS_SEARCH_USER_PATHS = NO;
				CLANG_ANALYZER_NONNULL = YES;
				CLANG_ANALYZER_NUMBER_OBJECT_CONVERSION = YES_AGGRESSIVE;
				CLANG_CXX_LANGUAGE_STANDARD = "gnu++14";
				CLANG_CXX_LIBRARY = "libc++";
				CLANG_ENABLE_MODULES = YES;
				CLANG_ENABLE_OBJC_ARC = YES;
				CLANG_WARN_BLOCK_CAPTURE_AUTORELEASING = YES;
				CLANG_WARN_BOOL_CONVERSION = YES;
				CLANG_WARN_COMMA = YES;
				CLANG_WARN_CONSTANT_CONVERSION = YES;
				CLANG_WARN_DIRECT_OBJC_ISA_USAGE = YES_ERROR;
				CLANG_WARN_DOCUMENTATION_COMMENTS = YES;
				CLANG_WARN_EMPTY_BODY = YES;
				CLANG_WARN_ENUM_CONVERSION = YES;
				CLANG_WARN_INFINITE_RECURSION = YES;
				CLANG_WARN_INT_CONVERSION = YES;
				CLANG_WARN_NON_LITERAL_NULL_CONVERSION = YES;
				CLANG_WARN_OBJC_LITERAL_CONVERSION = YES;
				CLANG_WARN_OBJC_ROOT_CLASS = YES_ERROR;
				CLANG_WARN_RANGE_LOOP_ANALYSIS = YES;
				CLANG_WARN_STRICT_PROTOTYPES = YES;
				CLANG_WARN_SUSPICIOUS_MOVE = YES;
				CLANG_WARN_UNGUARDED_AVAILABILITY = YES_AGGRESSIVE;
				CLANG_WARN_UNREACHABLE_CODE = YES;
				CLANG_WARN__DUPLICATE_METHOD_MATCH = YES;
				CODE_SIGN_IDENTITY = "iPhone Developer";
				COPY_PHASE_STRIP = NO;
				DEBUG_INFORMATION_FORMAT = "dwarf-with-dsym";
				ENABLE_NS_ASSERTIONS = NO;
				ENABLE_STRICT_OBJC_MSGSEND = YES;
				GCC_C_LANGUAGE_STANDARD = gnu11;
				GCC_NO_COMMON_BLOCKS = YES;
				GCC_WARN_64_TO_32_BIT_CONVERSION = YES;
				GCC_WARN_ABOUT_RETURN_TYPE = YES_ERROR;
				GCC_WARN_UNDECLARED_SELECTOR = YES;
				GCC_WARN_UNINITIALIZED_AUTOS = YES_AGGRESSIVE;
				GCC_WARN_UNUSED_FUNCTION = YES;
				GCC_WARN_UNUSED_VARIABLE = YES;
				IPHONEOS_DEPLOYMENT_TARGET = 11.2;
				MTL_ENABLE_DEBUG_INFO = NO;
				SDKROOT = iphoneos;
				VALIDATE_PRODUCT = YES;
			};
			name = Release;
		};
		3FC485EC2029FEAD00A380D8 /* Debug */ = {
			isa = XCBuildConfiguration;
			buildSettings = {
				ASSETCATALOG_COMPILER_APPICON_NAME = AppIcon;
				CODE_SIGN_STYLE = Automatic;
				DEVELOPMENT_TEAM = 2Y27V3MU38;
				ENABLE_BITCODE = NO;
				FRAMEWORK_SEARCH_PATHS = (
					"$(inherited)",
					"$(PROJECT_DIR)",
				);
				INFOPLIST_FILE = DoubleApp/Info.plist;
				IPHONEOS_DEPLOYMENT_TARGET = 8.3;
				LD_RUNPATH_SEARCH_PATHS = "$(inherited) @executable_path/Frameworks";
				PRODUCT_BUNDLE_IDENTIFIER = MyTeam.DoubleApp.1.1;
				PRODUCT_NAME = "$(TARGET_NAME)";
				TARGETED_DEVICE_FAMILY = 2;
			};
			name = Debug;
		};
		3FC485ED2029FEAD00A380D8 /* Release */ = {
			isa = XCBuildConfiguration;
			buildSettings = {
				ASSETCATALOG_COMPILER_APPICON_NAME = AppIcon;
				CODE_SIGN_STYLE = Automatic;
				DEVELOPMENT_TEAM = 2Y27V3MU38;
				ENABLE_BITCODE = NO;
				FRAMEWORK_SEARCH_PATHS = (
					"$(inherited)",
					"$(PROJECT_DIR)",
				);
				INFOPLIST_FILE = DoubleApp/Info.plist;
				IPHONEOS_DEPLOYMENT_TARGET = 8.3;
				LD_RUNPATH_SEARCH_PATHS = "$(inherited) @executable_path/Frameworks";
				PRODUCT_BUNDLE_IDENTIFIER = MyTeam.DoubleApp.1.1;
				PRODUCT_NAME = "$(TARGET_NAME)";
				TARGETED_DEVICE_FAMILY = 2;
			};
			name = Release;
		};
/* End XCBuildConfiguration section */

/* Begin XCConfigurationList section */
		3FC485D02029FEAD00A380D8 /* Build configuration list for PBXProject "DoubleApp" */ = {
			isa = XCConfigurationList;
			buildConfigurations = (
				3FC485E92029FEAD00A380D8 /* Debug */,
				3FC485EA2029FEAD00A380D8 /* Release */,
			);
			defaultConfigurationIsVisible = 0;
			defaultConfigurationName = Release;
		};
		3FC485EB2029FEAD00A380D8 /* Build configuration list for PBXNativeTarget "DoubleApp" */ = {
			isa = XCConfigurationList;
			buildConfigurations = (
				3FC485EC2029FEAD00A380D8 /* Debug */,
				3FC485ED2029FEAD00A380D8 /* Release */,
			);
			defaultConfigurationIsVisible = 0;
			defaultConfigurationName = Release;
		};
/* End XCConfigurationList section */
	};
	rootObject = 3FC485CD2029FEAD00A380D8 /* Project object */;
}
